<Solution>
  <Folder Name="/docs/">
    <File Path="docs/Angular-Interview-Questions-Guide.md" />
    <File Path="docs/Copilot-Interview-Questions-Guide.md" />
    <File Path="docs/CSharp-100-Senior-Interview-Questions.md" />
    <File Path="docs/CSharp-Boxing-Unboxing-Stack-Heap-Guide.md" />
    <File Path="docs/CSharp-Collections-Complete-Guide.md" />
    <File Path="docs/CSharp-Extension-Methods-Guide.md" />
    <File Path="docs/CSharp-Interface-vs-AbstractClass-Guide.md" />
    <File Path="docs/CSharp-Ref-Out-Keywords-Guide.md" />
    <File Path="docs/SQL-Interview-Questions-Guide.md" />
  </Folder>
  <Folder Name="/docs/clean-architecture/">
    <File Path="docs/clean-architecture/Implementing-Clean-Architecture-ASPNET-Core.md" />
  </Folder>
  <Folder Name="/docs/design-patterns/">
    <File Path="docs/design-patterns/CSharp-Design-Patterns-Complete-Guide.md" />
    <File Path="docs/design-patterns/index.md" />
  </Folder>
  <Folder Name="/docs/solid-principles/">
    <File Path="docs/solid-principles/dependency-inversion-principle.md" />
    <File Path="docs/solid-principles/interface-segregation-principle.md" />
    <File Path="docs/solid-principles/liskov-substitution-principle.md" />
    <File Path="docs/solid-principles/open-closed-principle.md" />
    <File Path="docs/solid-principles/single-responsibility-principle.md" />
    <File Path="docs/solid-principles/SOLID-Design-Principles-Introduction.md" />
  </Folder>
  <Folder Name="/src/">
    <File Path="README.md" />
    <Project Path="src/AccessModifiers/AccessModifiers.csproj" />
    <Project Path="src/API/API.csproj" Id="00aeb4db-1337-417b-8804-2a4fbdb49bf9" />
    <Project Path="src/BackgroundWorkerService/BackgroundWorkerService.csproj" Id="0818779a-3282-484c-b408-05f461845bd5" />
    <Project Path="src/CodingProblem/CodingProblem.csproj" />
    <Project Path="src/OOP-Csharp-Concepts/OOP-CSharp-Concepts.csproj" Id="bd771965-ffdd-4003-989c-ee0b98597b93" />
    <Project Path="src/ThreadingPractice/ThreadingPractice.csproj" Id="77b7a52a-62cb-4eda-92c9-4ad2df8d3451" />
  </Folder>
  <Folder Name="/src/MicroServices/">
    <Project Path="src/MicroServices/OrderService/OrderService.csproj" Id="9828847c-9890-4257-9175-6dc77c210434" />
    <Project Path="src/MicroServices/PaymentService/PaymentService.csproj" Id="1f85b392-4f93-415b-9dbc-3c15e3a162f0" />
    <Project Path="src/MicroServices/ProductService/ProductService.csproj" Id="fc2d18fa-ac8d-4b8c-a043-3471eecc4f60" />
  </Folder>
</Solution>
