<Solution>
  <Folder Name="/docs/">
    <File Path="../docs/CSharp-Boxing-Unboxing-Stack-Heap.md" />
  </Folder>
  <Folder Name="/docs/solid-principles/">
    <File Path="../docs/solid-principles/dependency-inversion-principle.md" />
    <File Path="../docs/solid-principles/index.md" />
    <File Path="../docs/solid-principles/interface-segregation-principle.md" />
    <File Path="../docs/solid-principles/liskov-substitution-principle.md" />
    <File Path="../docs/solid-principles/open-closed-principle.md" />
    <File Path="../docs/solid-principles/single-responsibility-principle.md" />
  </Folder>
  <Folder Name="/src/">
    <Project Path="CodingProblem/CodingProblem.csproj" />
  </Folder>
</Solution>
